// !$*UTF8*$!
{
	archiveVersion = 1;
	classes = {
	};
	objectVersion = 50;
	objects = {

/* Begin PBXBuildFile section */
		801438532483A62400F9DCAB /* AppDelegate.m in Sources */ = {isa = PBXBuildFile; fileRef = 801438522483A62400F9DCAB /* AppDelegate.m */; };
		801438562483A62400F9DCAB /* SceneDelegate.m in Sources */ = {isa = PBXBuildFile; fileRef = 801438552483A62400F9DCAB /* SceneDelegate.m */; };
		801438592483A62400F9DCAB /* ViewController.m in Sources */ = {isa = PBXBuildFile; fileRef = 801438582483A62400F9DCAB /* ViewController.m */; };
		8014385C2483A62400F9DCAB /* Main.storyboard in Resources */ = {isa = PBXBuildFile; fileRef = 8014385A2483A62400F9DCAB /* Main.storyboard */; };
		8014385E2483A62900F9DCAB /* Assets.xcassets in Resources */ = {isa = PBXBuildFile; fileRef = 8014385D2483A62900F9DCAB /* Assets.xcassets */; };
		801438612483A62900F9DCAB /* LaunchScreen.storyboard in Resources */ = {isa = PBXBuildFile; fileRef = 8014385F2483A62900F9DCAB /* LaunchScreen.storyboard */; };
		801438642483A62900F9DCAB /* main.m in Sources */ = {isa = PBXBuildFile; fileRef = 801438632483A62900F9DCAB /* main.m */; };
		801438722483AD3700F9DCAB /* ShareViewController.m in Sources */ = {isa = PBXBuildFile; fileRef = 801438712483AD3700F9DCAB /* ShareViewController.m */; };
		801438752483AD3700F9DCAB /* MainInterface.storyboard in Resources */ = {isa = PBXBuildFile; fileRef = 801438732483AD3700F9DCAB /* MainInterface.storyboard */; };
		801438792483AD3700F9DCAB /* fileshare.appex in Embed App Extensions */ = {isa = PBXBuildFile; fileRef = 8014386E2483AD3700F9DCAB /* fileshare.appex */; settings = {ATTRIBUTES = (RemoveHeadersOnCopy, ); }; };
/* End PBXBuildFile section */

/* Begin PBXContainerItemProxy section */
		801438772483AD3700F9DCAB /* PBXContainerItemProxy */ = {
			isa = PBXContainerItemProxy;
			containerPortal = 801438462483A62400F9DCAB /* Project object */;
			proxyType = 1;
			remoteGlobalIDString = 8014386D2483AD3700F9DCAB;
			remoteInfo = fileshare;
		};
/* End PBXContainerItemProxy section */

/* Begin PBXCopyFilesBuildPhase section */
		8014387D2483AD3700F9DCAB /* Embed App Extensions */ = {
			isa = PBXCopyFilesBuildPhase;
			buildActionMask = 2147483647;
			dstPath = "";
			dstSubfolderSpec = 13;
			files = (
				801438792483AD3700F9DCAB /* fileshare.appex in Embed App Extensions */,
			);
			name = "Embed App Extensions";
			runOnlyForDeploymentPostprocessing = 0;
		};
/* End PBXCopyFilesBuildPhase section */

/* Begin PBXFileReference section */
		8014384E2483A62400F9DCAB /* test_widget.app */ = {isa = PBXFileReference; explicitFileType = wrapper.application; includeInIndex = 0; path = test_widget.app; sourceTree = BUILT_PRODUCTS_DIR; };
		801438512483A62400F9DCAB /* AppDelegate.h */ = {isa = PBXFileReference; lastKnownFileType = sourcecode.c.h; path = AppDelegate.h; sourceTree = "<group>"; };
		801438522483A62400F9DCAB /* AppDelegate.m */ = {isa = PBXFileReference; lastKnownFileType = sourcecode.c.objc; path = AppDelegate.m; sourceTree = "<group>"; };
		801438542483A62400F9DCAB /* SceneDelegate.h */ = {isa = PBXFileReference; lastKnownFileType = sourcecode.c.h; path = SceneDelegate.h; sourceTree = "<group>"; };
		801438552483A62400F9DCAB /* SceneDelegate.m */ = {isa = PBXFileReference; lastKnownFileType = sourcecode.c.objc; path = SceneDelegate.m; sourceTree = "<group>"; };
		801438572483A62400F9DCAB /* ViewController.h */ = {isa = PBXFileReference; lastKnownFileType = sourcecode.c.h; path = ViewController.h; sourceTree = "<group>"; };
		801438582483A62400F9DCAB /* ViewController.m */ = {isa = PBXFileReference; lastKnownFileType = sourcecode.c.objc; path = ViewController.m; sourceTree = "<group>"; };
		8014385B2483A62400F9DCAB /* Base */ = {isa = PBXFileReference; lastKnownFileType = file.storyboard; name = Base; path = Base.lproj/Main.storyboard; sourceTree = "<group>"; };
		8014385D2483A62900F9DCAB /* Assets.xcassets */ = {isa = PBXFileReference; lastKnownFileType = folder.assetcatalog; path = Assets.xcassets; sourceTree = "<group>"; };
		801438602483A62900F9DCAB /* Base */ = {isa = PBXFileReference; lastKnownFileType = file.storyboard; name = Base; path = Base.lproj/LaunchScreen.storyboard; sourceTree = "<group>"; };
		801438622483A62900F9DCAB /* Info.plist */ = {isa = PBXFileReference; lastKnownFileType = text.plist.xml; path = Info.plist; sourceTree = "<group>"; };
		801438632483A62900F9DCAB /* main.m */ = {isa = PBXFileReference; lastKnownFileType = sourcecode.c.objc; path = main.m; sourceTree = "<group>"; };
		8014386E2483AD3700F9DCAB /* fileshare.appex */ = {isa = PBXFileReference; explicitFileType = "wrapper.app-extension"; includeInIndex = 0; path = fileshare.appex; sourceTree = BUILT_PRODUCTS_DIR; };
		801438702483AD3700F9DCAB /* ShareViewController.h */ = {isa = PBXFileReference; lastKnownFileType = sourcecode.c.h; path = ShareViewController.h; sourceTree = "<group>"; };
		801438712483AD3700F9DCAB /* ShareViewController.m */ = {isa = PBXFileReference; lastKnownFileType = sourcecode.c.objc; path = ShareViewController.m; sourceTree = "<group>"; };
		801438742483AD3700F9DCAB /* Base */ = {isa = PBXFileReference; lastKnownFileType = file.storyboard; name = Base; path = Base.lproj/MainInterface.storyboard; sourceTree = "<group>"; };
		801438762483AD3700F9DCAB /* Info.plist */ = {isa = PBXFileReference; lastKnownFileType = text.plist.xml; path = Info.plist; sourceTree = "<group>"; };
/* End PBXFileReference section */

/* Begin PBXFrameworksBuildPhase section */
		8014384B2483A62400F9DCAB /* Frameworks */ = {
			isa = PBXFrameworksBuildPhase;
			buildActionMask = 2147483647;
			files = (
			);
			runOnlyForDeploymentPostprocessing = 0;
		};
		8014386B2483AD3700F9DCAB /* Frameworks */ = {
			isa = PBXFrameworksBuildPhase;
			buildActionMask = 2147483647;
			files = (
			);
			runOnlyForDeploymentPostprocessing = 0;
		};
/* End PBXFrameworksBuildPhase section */

/* Begin PBXGroup section */
		801438452483A62400F9DCAB = {
			isa = PBXGroup;
			children = (
				801438502483A62400F9DCAB /* test_widget */,
				8014386F2483AD3700F9DCAB /* fileshare */,
				8014384F2483A62400F9DCAB /* Products */,
			);
			sourceTree = "<group>";
		};
		8014384F2483A62400F9DCAB /* Products */ = {
			isa = PBXGroup;
			children = (
				8014384E2483A62400F9DCAB /* test_widget.app */,
				8014386E2483AD3700F9DCAB /* fileshare.appex */,
			);
			name = Products;
			sourceTree = "<group>";
		};
		801438502483A62400F9DCAB /* test_widget */ = {
			isa = PBXGroup;
			children = (
				801438512483A62400F9DCAB /* AppDelegate.h */,
				801438522483A62400F9DCAB /* AppDelegate.m */,
				801438542483A62400F9DCAB /* SceneDelegate.h */,
				801438552483A62400F9DCAB /* SceneDelegate.m */,
				801438572483A62400F9DCAB /* ViewController.h */,
				801438582483A62400F9DCAB /* ViewController.m */,
				8014385A2483A62400F9DCAB /* Main.storyboard */,
				8014385D2483A62900F9DCAB /* Assets.xcassets */,
				8014385F2483A62900F9DCAB /* LaunchScreen.storyboard */,
				801438622483A62900F9DCAB /* Info.plist */,
				801438632483A62900F9DCAB /* main.m */,
			);
			path = test_widget;
			sourceTree = "<group>";
		};
		8014386F2483AD3700F9DCAB /* fileshare */ = {
			isa = PBXGroup;
			children = (
				801438702483AD3700F9DCAB /* ShareViewController.h */,
				801438712483AD3700F9DCAB /* ShareViewController.m */,
				801438732483AD3700F9DCAB /* MainInterface.storyboard */,
				801438762483AD3700F9DCAB /* Info.plist */,
			);
			path = fileshare;
			sourceTree = "<group>";
		};
/* End PBXGroup section */

/* Begin PBXNativeTarget section */
		8014384D2483A62400F9DCAB /* test_widget */ = {
			isa = PBXNativeTarget;
			buildConfigurationList = 801438672483A62900F9DCAB /* Build configuration list for PBXNativeTarget "test_widget" */;
			buildPhases = (
				8014384A2483A62400F9DCAB /* Sources */,
				8014384B2483A62400F9DCAB /* Frameworks */,
				8014384C2483A62400F9DCAB /* Resources */,
				8014387D2483AD3700F9DCAB /* Embed App Extensions */,
			);
			buildRules = (
			);
			dependencies = (
				801438782483AD3700F9DCAB /* PBXTargetDependency */,
			);
			name = test_widget;
			productName = test_widget;
			productReference = 8014384E2483A62400F9DCAB /* test_widget.app */;
			productType = "com.apple.product-type.application";
		};
		8014386D2483AD3700F9DCAB /* fileshare */ = {
			isa = PBXNativeTarget;
			buildConfigurationList = 8014387A2483AD3700F9DCAB /* Build configuration list for PBXNativeTarget "fileshare" */;
			buildPhases = (
				8014386A2483AD3700F9DCAB /* Sources */,
				8014386B2483AD3700F9DCAB /* Frameworks */,
				8014386C2483AD3700F9DCAB /* Resources */,
			);
			buildRules = (
			);
			dependencies = (
			);
			name = fileshare;
			productName = fileshare;
			productReference = 8014386E2483AD3700F9DCAB /* fileshare.appex */;
			productType = "com.apple.product-type.app-extension";
		};
/* End PBXNativeTarget section */

/* Begin PBXProject section */
		801438462483A62400F9DCAB /* Project object */ = {
			isa = PBXProject;
			attributes = {
				LastUpgradeCheck = 1150;
				ORGANIZATIONNAME = xihui;
				TargetAttributes = {
					8014384D2483A62400F9DCAB = {
						CreatedOnToolsVersion = 11.5;
					};
					8014386D2483AD3700F9DCAB = {
						CreatedOnToolsVersion = 11.5;
					};
				};
			};
			buildConfigurationList = 801438492483A62400F9DCAB /* Build configuration list for PBXProject "test_widget" */;
			compatibilityVersion = "Xcode 9.3";
			developmentRegion = en;
			hasScannedForEncodings = 0;
			knownRegions = (
				en,
				Base,
			);
			mainGroup = 801438452483A62400F9DCAB;
			productRefGroup = 8014384F2483A62400F9DCAB /* Products */;
			projectDirPath = "";
			projectRoot = "";
			targets = (
				8014384D2483A62400F9DCAB /* test_widget */,
				8014386D2483AD3700F9DCAB /* fileshare */,
			);
		};
/* End PBXProject section */

/* Begin PBXResourcesBuildPhase section */
		8014384C2483A62400F9DCAB /* Resources */ = {
			isa = PBXResourcesBuildPhase;
			buildActionMask = 2147483647;
			files = (
				801438612483A62900F9DCAB /* LaunchScreen.storyboard in Resources */,
				8014385E2483A62900F9DCAB /* Assets.xcassets in Resources */,
				8014385C2483A62400F9DCAB /* Main.storyboard in Resources */,
			);
			runOnlyForDeploymentPostprocessing = 0;
		};
		8014386C2483AD3700F9DCAB /* Resources */ = {
			isa = PBXResourcesBuildPhase;
			buildActionMask = 2147483647;
			files = (
				801438752483AD3700F9DCAB /* MainInterface.storyboard in Resources */,
			);
			runOnlyForDeploymentPostprocessing = 0;
		};
/* End PBXResourcesBuildPhase section */

/* Begin PBXSourcesBuildPhase section */
		8014384A2483A62400F9DCAB /* Sources */ = {
			isa = PBXSourcesBuildPhase;
			buildActionMask = 2147483647;
			files = (
				801438592483A62400F9DCAB /* ViewController.m in Sources */,
				801438532483A62400F9DCAB /* AppDelegate.m in Sources */,
				801438642483A62900F9DCAB /* main.m in Sources */,
				801438562483A62400F9DCAB /* SceneDelegate.m in Sources */,
			);
			runOnlyForDeploymentPostprocessing = 0;
		};
		8014386A2483AD3700F9DCAB /* Sources */ = {
			isa = PBXSourcesBuildPhase;
			buildActionMask = 2147483647;
			files = (
				801438722483AD3700F9DCAB /* ShareViewController.m in Sources */,
			);
			runOnlyForDeploymentPostprocessing = 0;
		};
/* End PBXSourcesBuildPhase section */

/* Begin PBXTargetDependency section */
		801438782483AD3700F9DCAB /* PBXTargetDependency */ = {
			isa = PBXTargetDependency;
			target = 8014386D2483AD3700F9DCAB /* fileshare */;
			targetProxy = 801438772483AD3700F9DCAB /* PBXContainerItemProxy */;
		};
/* End PBXTargetDependency section */

/* Begin PBXVariantGroup section */
		8014385A2483A62400F9DCAB /* Main.storyboard */ = {
			isa = PBXVariantGroup;
			children = (
				8014385B2483A62400F9DCAB /* Base */,
			);
			name = Main.storyboard;
			sourceTree = "<group>";
		};
		8014385F2483A62900F9DCAB /* LaunchScreen.storyboard */ = {
			isa = PBXVariantGroup;
			children = (
				801438602483A62900F9DCAB /* Base */,
			);
			name = LaunchScreen.storyboard;
			sourceTree = "<group>";
		};
		801438732483AD3700F9DCAB /* MainInterface.storyboard */ = {
			isa = PBXVariantGroup;
			children = (
				801438742483AD3700F9DCAB /* Base */,
			);
			name = MainInterface.storyboard;
			sourceTree = "<group>";
		};
/* End PBXVariantGroup section */

/* Begin XCBuildConfiguration section */
		801438652483A62900F9DCAB /* Debug */ = {
			isa = XCBuildConfiguration;
			buildSettings = {
				ALWAYS_SEARCH_USER_PATHS = NO;
				CLANG_ANALYZER_NONNULL = YES;
				CLANG_ANALYZER_NUMBER_OBJECT_CONVERSION = YES_AGGRESSIVE;
				CLANG_CXX_LANGUAGE_STANDARD = "gnu++14";
				CLANG_CXX_LIBRARY = "libc++";
				CLANG_ENABLE_MODULES = YES;
				CLANG_ENABLE_OBJC_ARC = YES;
				CLANG_ENABLE_OBJC_WEAK = YES;
				CLANG_WARN_BLOCK_CAPTURE_AUTORELEASING = YES;
				CLANG_WARN_BOOL_CONVERSION = YES;
				CLANG_WARN_COMMA = YES;
				CLANG_WARN_CONSTANT_CONVERSION = YES;
				CLANG_WARN_DEPRECATED_OBJC_IMPLEMENTATIONS = YES;
				CLANG_WARN_DIRECT_OBJC_ISA_USAGE = YES_ERROR;
				CLANG_WARN_DOCUMENTATION_COMMENTS = YES;
				CLANG_WARN_EMPTY_BODY = YES;
				CLANG_WARN_ENUM_CONVERSION = YES;
				CLANG_WARN_INFINITE_RECURSION = YES;
				CLANG_WARN_INT_CONVERSION = YES;
				CLANG_WARN_NON_LITERAL_NULL_CONVERSION = YES;
				CLANG_WARN_OBJC_IMPLICIT_RETAIN_SELF = YES;
				CLANG_WARN_OBJC_LITERAL_CONVERSION = YES;
				CLANG_WARN_OBJC_ROOT_CLASS = YES_ERROR;
				CLANG_WARN_RANGE_LOOP_ANALYSIS = YES;
				CLANG_WARN_STRICT_PROTOTYPES = YES;
				CLANG_WARN_SUSPICIOUS_MOVE = YES;
				CLANG_WARN_UNGUARDED_AVAILABILITY = YES_AGGRESSIVE;
				CLANG_WARN_UNREACHABLE_CODE = YES;
				CLANG_WARN__DUPLICATE_METHOD_MATCH = YES;
				COPY_PHASE_STRIP = NO;
				DEBUG_INFORMATION_FORMAT = dwarf;
				ENABLE_STRICT_OBJC_MSGSEND = YES;
				ENABLE_TESTABILITY = YES;
				GCC_C_LANGUAGE_STANDARD = gnu11;
				GCC_DYNAMIC_NO_PIC = NO;
				GCC_NO_COMMON_BLOCKS = YES;
				GCC_OPTIMIZATION_LEVEL = 0;
				GCC_PREPROCESSOR_DEFINITIONS = (
					"DEBUG=1",
					"$(inherited)",
				);
				GCC_WARN_64_TO_32_BIT_CONVERSION = YES;
				GCC_WARN_ABOUT_RETURN_TYPE = YES_ERROR;
				GCC_WARN_UNDECLARED_SELECTOR = YES;
				GCC_WARN_UNINITIALIZED_AUTOS = YES_AGGRESSIVE;
				GCC_WARN_UNUSED_FUNCTION = YES;
				GCC_WARN_UNUSED_VARIABLE = YES;
				IPHONEOS_DEPLOYMENT_TARGET = 13.5;
				MTL_ENABLE_DEBUG_INFO = INCLUDE_SOURCE;
				MTL_FAST_MATH = YES;
				ONLY_ACTIVE_ARCH = YES;
				SDKROOT = iphoneos;
			};
			name = Debug;
		};
		801438662483A62900F9DCAB /* Release */ = {
			isa = XCBuildConfiguration;
			buildSettings = {
				ALWAYS_SEARCH_USER_PATHS = NO;
				CLANG_ANALYZER_NONNULL = YES;
				CLANG_ANALYZER_NUMBER_OBJECT_CONVERSION = YES_AGGRESSIVE;
				CLANG_CXX_LANGUAGE_STANDARD = "gnu++14";
				CLANG_CXX_LIBRARY = "libc++";
				CLANG_ENABLE_MODULES = YES;
				CLANG_ENABLE_OBJC_ARC = YES;
				CLANG_ENABLE_OBJC_WEAK = YES;
				CLANG_WARN_BLOCK_CAPTURE_AUTORELEASING = YES;
				CLANG_WARN_BOOL_CONVERSION = YES;
				CLANG_WARN_COMMA = YES;
				CLANG_WARN_CONSTANT_CONVERSION = YES;
				CLANG_WARN_DEPRECATED_OBJC_IMPLEMENTATIONS = YES;
				CLANG_WARN_DIRECT_OBJC_ISA_USAGE = YES_ERROR;
				CLANG_WARN_DOCUMENTATION_COMMENTS = YES;
				CLANG_WARN_EMPTY_BODY = YES;
				CLANG_WARN_ENUM_CONVERSION = YES;
				CLANG_WARN_INFINITE_RECURSION = YES;
				CLANG_WARN_INT_CONVERSION = YES;
				CLANG_WARN_NON_LITERAL_NULL_CONVERSION = YES;
				CLANG_WARN_OBJC_IMPLICIT_RETAIN_SELF = YES;
				CLANG_WARN_OBJC_LITERAL_CONVERSION = YES;
				CLANG_WARN_OBJC_ROOT_CLASS = YES_ERROR;
				CLANG_WARN_RANGE_LOOP_ANALYSIS = YES;
				CLANG_WARN_STRICT_PROTOTYPES = YES;
				CLANG_WARN_SUSPICIOUS_MOVE = YES;
				CLANG_WARN_UNGUARDED_AVAILABILITY = YES_AGGRESSIVE;
				CLANG_WARN_UNREACHABLE_CODE = YES;
				CLANG_WARN__DUPLICATE_METHOD_MATCH = YES;
				COPY_PHASE_STRIP = NO;
				DEBUG_INFORMATION_FORMAT = "dwarf-with-dsym";
				ENABLE_NS_ASSERTIONS = NO;
				ENABLE_STRICT_OBJC_MSGSEND = YES;
				GCC_C_LANGUAGE_STANDARD = gnu11;
				GCC_NO_COMMON_BLOCKS = YES;
				GCC_WARN_64_TO_32_BIT_CONVERSION = YES;
				GCC_WARN_ABOUT_RETURN_TYPE = YES_ERROR;
				GCC_WARN_UNDECLARED_SELECTOR = YES;
				GCC_WARN_UNINITIALIZED_AUTOS = YES_AGGRESSIVE;
				GCC_WARN_UNUSED_FUNCTION = YES;
				GCC_WARN_UNUSED_VARIABLE = YES;
				IPHONEOS_DEPLOYMENT_TARGET = 13.5;
				MTL_ENABLE_DEBUG_INFO = NO;
				MTL_FAST_MATH = YES;
				SDKROOT = iphoneos;
				VALIDATE_PRODUCT = YES;
			};
			name = Release;
		};
		801438682483A62900F9DCAB /* Debug */ = {
			isa = XCBuildConfiguration;
			buildSettings = {
				ASSETCATALOG_COMPILER_APPICON_NAME = AppIcon;
				CODE_SIGN_IDENTITY = "iPhone Developer";
				CODE_SIGN_STYLE = Manual;
				DEVELOPMENT_TEAM = 6C7QEGP2K7;
				INFOPLIST_FILE = test_widget/Info.plist;
				IPHONEOS_DEPLOYMENT_TARGET = 11.0;
				LD_RUNPATH_SEARCH_PATHS = (
					"$(inherited)",
					"@executable_path/Frameworks",
				);
				PRODUCT_BUNDLE_IDENTIFIER = com.szse.nmoastg;
				PRODUCT_NAME = "$(TARGET_NAME)";
				PROVISIONING_PROFILE_SPECIFIER = NMOA_Development;
				TARGETED_DEVICE_FAMILY = "1,2";
			};
			name = Debug;
		};
		801438692483A62900F9DCAB /* Release */ = {
			isa = XCBuildConfiguration;
			buildSettings = {
				ASSETCATALOG_COMPILER_APPICON_NAME = AppIcon;
				CODE_SIGN_IDENTITY = "iPhone Distribution";
				CODE_SIGN_STYLE = Manual;
				DEVELOPMENT_TEAM = 6C7QEGP2K7;
				INFOPLIST_FILE = test_widget/Info.plist;
				IPHONEOS_DEPLOYMENT_TARGET = 11.0;
				LD_RUNPATH_SEARCH_PATHS = (
					"$(inherited)",
					"@executable_path/Frameworks",
				);
				PRODUCT_BUNDLE_IDENTIFIER = com.szse.nmoastg;
				PRODUCT_NAME = "$(TARGET_NAME)";
				PROVISIONING_PROFILE_SPECIFIER = NMOA_StgInhouse;
				TARGETED_DEVICE_FAMILY = "1,2";
			};
			name = Release;
		};
		8014387B2483AD3700F9DCAB /* Debug */ = {
			isa = XCBuildConfiguration;
			buildSettings = {
				CODE_SIGN_IDENTITY = "iPhone Developer";
				CODE_SIGN_STYLE = Manual;
				DEVELOPMENT_TEAM = 6C7QEGP2K7;
				INFOPLIST_FILE = fileshare/Info.plist;
				LD_RUNPATH_SEARCH_PATHS = (
					"$(inherited)",
					"@executable_path/Frameworks",
					"@executable_path/../../Frameworks",
				);
				PRODUCT_BUNDLE_IDENTIFIER = com.szse.nmoastg.fileshare;
				PRODUCT_NAME = "$(TARGET_NAME)";
				PROVISIONING_PROFILE_SPECIFIER = nmoa_dev_shareExtension;
				SKIP_INSTALL = YES;
				TARGETED_DEVICE_FAMILY = "1,2";
			};
			name = Debug;
		};
		8014387C2483AD3700F9DCAB /* Release */ = {
			isa = XCBuildConfiguration;
			buildSettings = {
				CODE_SIGN_IDENTITY = "iPhone Distribution";
				CODE_SIGN_STYLE = Manual;
				DEVELOPMENT_TEAM = 6C7QEGP2K7;
				INFOPLIST_FILE = fileshare/Info.plist;
				LD_RUNPATH_SEARCH_PATHS = (
					"$(inherited)",
					"@executable_path/Frameworks",
					"@executable_path/../../Frameworks",
				);
				PRODUCT_BUNDLE_IDENTIFIER = com.szse.nmoastg.fileshare;
				PRODUCT_NAME = "$(TARGET_NAME)";
				PROVISIONING_PROFILE_SPECIFIER = nmoa_inhouse_shareExtension;
				SKIP_INSTALL = YES;
				TARGETED_DEVICE_FAMILY = "1,2";
			};
			name = Release;
		};
/* End XCBuildConfiguration section */

/* Begin XCConfigurationList section */
		801438492483A62400F9DCAB /* Build configuration list for PBXProject "test_widget" */ = {
			isa = XCConfigurationList;
			buildConfigurations = (
				801438652483A62900F9DCAB /* Debug */,
				801438662483A62900F9DCAB /* Release */,
			);
			defaultConfigurationIsVisible = 0;
			defaultConfigurationName = Release;
		};
		801438672483A62900F9DCAB /* Build configuration list for PBXNativeTarget "test_widget" */ = {
			isa = XCConfigurationList;
			buildConfigurations = (
				801438682483A62900F9DCAB /* Debug */,
				801438692483A62900F9DCAB /* Release */,
			);
			defaultConfigurationIsVisible = 0;
			defaultConfigurationName = Release;
		};
		8014387A2483AD3700F9DCAB /* Build configuration list for PBXNativeTarget "fileshare" */ = {
			isa = XCConfigurationList;
			buildConfigurations = (
				8014387B2483AD3700F9DCAB /* Debug */,
				8014387C2483AD3700F9DCAB /* Release */,
			);
			defaultConfigurationIsVisible = 0;
			defaultConfigurationName = Release;
		};
/* End XCConfigurationList section */
	};
	rootObject = 801438462483A62400F9DCAB /* Project object */;
}
